// !$*UTF8*$!
{
	archiveVersion = 1;
	classes = {
	};
	objectVersion = 46;
	objects = {

/* Begin PBXBuildFile section */
		A45F48921E64BE6B007A2343 /* AppDelegate.swift in Sources */ = {isa = PBXBuildFile; fileRef = A45F48911E64BE6B007A2343 /* AppDelegate.swift */; };
		A45F48941E64BE6B007A2343 /* CalcController.swift in Sources */ = {isa = PBXBuildFile; fileRef = A45F48931E64BE6B007A2343 /* CalcController.swift */; };
		A45F48971E64BE6B007A2343 /* Main.storyboard in Resources */ = {isa = PBXBuildFile; fileRef = A45F48951E64BE6B007A2343 /* Main.storyboard */; };
		A45F48991E64BE6B007A2343 /* Assets.xcassets in Resources */ = {isa = PBXBuildFile; fileRef = A45F48981E64BE6B007A2343 /* Assets.xcassets */; };
		A45F489C1E64BE6B007A2343 /* LaunchScreen.storyboard in Resources */ = {isa = PBXBuildFile; fileRef = A45F489A1E64BE6B007A2343 /* LaunchScreen.storyboard */; };
		A45F48A41E64DC4F007A2343 /* Minecraft.ttf in Resources */ = {isa = PBXBuildFile; fileRef = A45F48A31E64DC4F007A2343 /* Minecraft.ttf */; };
		A45F48A61E651B88007A2343 /* btn.wav in Resources */ = {isa = PBXBuildFile; fileRef = A45F48A51E651B88007A2343 /* btn.wav */; };
/* End PBXBuildFile section */

/* Begin PBXFileReference section */
		A45F488E1E64BE6B007A2343 /* RetroCalculator.app */ = {isa = PBXFileReference; explicitFileType = wrapper.application; includeInIndex = 0; path = RetroCalculator.app; sourceTree = BUILT_PRODUCTS_DIR; };
		A45F48911E64BE6B007A2343 /* AppDelegate.swift */ = {isa = PBXFileReference; lastKnownFileType = sourcecode.swift; path = AppDelegate.swift; sourceTree = "<group>"; };
		A45F48931E64BE6B007A2343 /* CalcController.swift */ = {isa = PBXFileReference; lastKnownFileType = sourcecode.swift; path = CalcController.swift; sourceTree = "<group>"; };
		A45F48961E64BE6B007A2343 /* Base */ = {isa = PBXFileReference; lastKnownFileType = file.storyboard; name = Base; path = Base.lproj/Main.storyboard; sourceTree = "<group>"; };
		A45F48981E64BE6B007A2343 /* Assets.xcassets */ = {isa = PBXFileReference; lastKnownFileType = folder.assetcatalog; path = Assets.xcassets; sourceTree = "<group>"; };
		A45F489B1E64BE6B007A2343 /* Base */ = {isa = PBXFileReference; lastKnownFileType = file.storyboard; name = Base; path = Base.lproj/LaunchScreen.storyboard; sourceTree = "<group>"; };
		A45F489D1E64BE6B007A2343 /* Info.plist */ = {isa = PBXFileReference; lastKnownFileType = text.plist.xml; path = Info.plist; sourceTree = "<group>"; };
		A45F48A31E64DC4F007A2343 /* Minecraft.ttf */ = {isa = PBXFileReference; lastKnownFileType = file; path = Minecraft.ttf; sourceTree = "<group>"; };
		A45F48A51E651B88007A2343 /* btn.wav */ = {isa = PBXFileReference; lastKnownFileType = audio.wav; path = btn.wav; sourceTree = "<group>"; };
/* End PBXFileReference section */

/* Begin PBXFrameworksBuildPhase section */
		A45F488B1E64BE6B007A2343 /* Frameworks */ = {
			isa = PBXFrameworksBuildPhase;
			buildActionMask = 2147483647;
			files = (
			);
			runOnlyForDeploymentPostprocessing = 0;
		};
/* End PBXFrameworksBuildPhase section */

/* Begin PBXGroup section */
		A45F48851E64BE6B007A2343 = {
			isa = PBXGroup;
			children = (
				A45F48901E64BE6B007A2343 /* RetroCalculator */,
				A45F488F1E64BE6B007A2343 /* Products */,
			);
			sourceTree = "<group>";
		};
		A45F488F1E64BE6B007A2343 /* Products */ = {
			isa = PBXGroup;
			children = (
				A45F488E1E64BE6B007A2343 /* RetroCalculator.app */,
			);
			name = Products;
			sourceTree = "<group>";
		};
		A45F48901E64BE6B007A2343 /* RetroCalculator */ = {
			isa = PBXGroup;
			children = (
				A45F48A51E651B88007A2343 /* btn.wav */,
				A45F48A31E64DC4F007A2343 /* Minecraft.ttf */,
				A45F48911E64BE6B007A2343 /* AppDelegate.swift */,
				A45F48931E64BE6B007A2343 /* CalcController.swift */,
				A45F48951E64BE6B007A2343 /* Main.storyboard */,
				A45F48981E64BE6B007A2343 /* Assets.xcassets */,
				A45F489A1E64BE6B007A2343 /* LaunchScreen.storyboard */,
				A45F489D1E64BE6B007A2343 /* Info.plist */,
			);
			path = RetroCalculator;
			sourceTree = "<group>";
		};
/* End PBXGroup section */

/* Begin PBXNativeTarget section */
		A45F488D1E64BE6B007A2343 /* RetroCalculator */ = {
			isa = PBXNativeTarget;
			buildConfigurationList = A45F48A01E64BE6B007A2343 /* Build configuration list for PBXNativeTarget "RetroCalculator" */;
			buildPhases = (
				A45F488A1E64BE6B007A2343 /* Sources */,
				A45F488B1E64BE6B007A2343 /* Frameworks */,
				A45F488C1E64BE6B007A2343 /* Resources */,
			);
			buildRules = (
			);
			dependencies = (
			);
			name = RetroCalculator;
			productName = RetroCalculator;
			productReference = A45F488E1E64BE6B007A2343 /* RetroCalculator.app */;
			productType = "com.apple.product-type.application";
		};
/* End PBXNativeTarget section */

/* Begin PBXProject section */
		A45F48861E64BE6B007A2343 /* Project object */ = {
			isa = PBXProject;
			attributes = {
				LastSwiftUpdateCheck = 0820;
				LastUpgradeCheck = 0820;
				ORGANIZATIONNAME = "Ernesto Gonzalez";
				TargetAttributes = {
					A45F488D1E64BE6B007A2343 = {
						CreatedOnToolsVersion = 8.2.1;
						DevelopmentTeam = D4QXRCR7TH;
						ProvisioningStyle = Automatic;
					};
				};
			};
			buildConfigurationList = A45F48891E64BE6B007A2343 /* Build configuration list for PBXProject "RetroCalculator" */;
			compatibilityVersion = "Xcode 3.2";
			developmentRegion = English;
			hasScannedForEncodings = 0;
			knownRegions = (
				en,
				Base,
			);
			mainGroup = A45F48851E64BE6B007A2343;
			productRefGroup = A45F488F1E64BE6B007A2343 /* Products */;
			projectDirPath = "";
			projectRoot = "";
			targets = (
				A45F488D1E64BE6B007A2343 /* RetroCalculator */,
			);
		};
/* End PBXProject section */

/* Begin PBXResourcesBuildPhase section */
		A45F488C1E64BE6B007A2343 /* Resources */ = {
			isa = PBXResourcesBuildPhase;
			buildActionMask = 2147483647;
			files = (
				A45F48A61E651B88007A2343 /* btn.wav in Resources */,
				A45F489C1E64BE6B007A2343 /* LaunchScreen.storyboard in Resources */,
				A45F48991E64BE6B007A2343 /* Assets.xcassets in Resources */,
				A45F48A41E64DC4F007A2343 /* Minecraft.ttf in Resources */,
				A45F48971E64BE6B007A2343 /* Main.storyboard in Resources */,
			);
			runOnlyForDeploymentPostprocessing = 0;
		};
/* End PBXResourcesBuildPhase section */

/* Begin PBXSourcesBuildPhase section */
		A45F488A1E64BE6B007A2343 /* Sources */ = {
			isa = PBXSourcesBuildPhase;
			buildActionMask = 2147483647;
			files = (
				A45F48941E64BE6B007A2343 /* CalcController.swift in Sources */,
				A45F48921E64BE6B007A2343 /* AppDelegate.swift in Sources */,
			);
			runOnlyForDeploymentPostprocessing = 0;
		};
/* End PBXSourcesBuildPhase section */

/* Begin PBXVariantGroup section */
		A45F48951E64BE6B007A2343 /* Main.storyboard */ = {
			isa = PBXVariantGroup;
			children = (
				A45F48961E64BE6B007A2343 /* Base */,
			);
			name = Main.storyboard;
			sourceTree = "<group>";
		};
		A45F489A1E64BE6B007A2343 /* LaunchScreen.storyboard */ = {
			isa = PBXVariantGroup;
			children = (
				A45F489B1E64BE6B007A2343 /* Base */,
			);
			name = LaunchScreen.storyboard;
			sourceTree = "<group>";
		};
/* End PBXVariantGroup section */

/* Begin XCBuildConfiguration section */
		A45F489E1E64BE6B007A2343 /* Debug */ = {
			isa = XCBuildConfiguration;
			buildSettings = {
				ALWAYS_SEARCH_USER_PATHS = NO;
				CLANG_ANALYZER_NONNULL = YES;
				CLANG_CXX_LANGUAGE_STANDARD = "gnu++0x";
				CLANG_CXX_LIBRARY = "libc++";
				CLANG_ENABLE_MODULES = YES;
				CLANG_ENABLE_OBJC_ARC = YES;
				CLANG_WARN_BOOL_CONVERSION = YES;
				CLANG_WARN_CONSTANT_CONVERSION = YES;
				CLANG_WARN_DIRECT_OBJC_ISA_USAGE = YES_ERROR;
				CLANG_WARN_DOCUMENTATION_COMMENTS = YES;
				CLANG_WARN_EMPTY_BODY = YES;
				CLANG_WARN_ENUM_CONVERSION = YES;
				CLANG_WARN_INFINITE_RECURSION = YES;
				CLANG_WARN_INT_CONVERSION = YES;
				CLANG_WARN_OBJC_ROOT_CLASS = YES_ERROR;
				CLANG_WARN_SUSPICIOUS_MOVE = YES;
				CLANG_WARN_UNREACHABLE_CODE = YES;
				CLANG_WARN__DUPLICATE_METHOD_MATCH = YES;
				"CODE_SIGN_IDENTITY[sdk=iphoneos*]" = "iPhone Developer";
				COPY_PHASE_STRIP = NO;
				DEBUG_INFORMATION_FORMAT = dwarf;
				ENABLE_STRICT_OBJC_MSGSEND = YES;
				ENABLE_TESTABILITY = YES;
				GCC_C_LANGUAGE_STANDARD = gnu99;
				GCC_DYNAMIC_NO_PIC = NO;
				GCC_NO_COMMON_BLOCKS = YES;
				GCC_OPTIMIZATION_LEVEL = 0;
				GCC_PREPROCESSOR_DEFINITIONS = (
					"DEBUG=1",
					"$(inherited)",
				);
				GCC_WARN_64_TO_32_BIT_CONVERSION = YES;
				GCC_WARN_ABOUT_RETURN_TYPE = YES_ERROR;
				GCC_WARN_UNDECLARED_SELECTOR = YES;
				GCC_WARN_UNINITIALIZED_AUTOS = YES_AGGRESSIVE;
				GCC_WARN_UNUSED_FUNCTION = YES;
				GCC_WARN_UNUSED_VARIABLE = YES;
				IPHONEOS_DEPLOYMENT_TARGET = 10.2;
				MTL_ENABLE_DEBUG_INFO = YES;
				ONLY_ACTIVE_ARCH = YES;
				SDKROOT = iphoneos;
				SWIFT_ACTIVE_COMPILATION_CONDITIONS = DEBUG;
				SWIFT_OPTIMIZATION_LEVEL = "-Onone";
				TARGETED_DEVICE_FAMILY = "1,2";
			};
			name = Debug;
		};
		A45F489F1E64BE6B007A2343 /* Release */ = {
			isa = XCBuildConfiguration;
			buildSettings = {
				ALWAYS_SEARCH_USER_PATHS = NO;
				CLANG_ANALYZER_NONNULL = YES;
				CLANG_CXX_LANGUAGE_STANDARD = "gnu++0x";
				CLANG_CXX_LIBRARY = "libc++";
				CLANG_ENABLE_MODULES = YES;
				CLANG_ENABLE_OBJC_ARC = YES;
				CLANG_WARN_BOOL_CONVERSION = YES;
				CLANG_WARN_CONSTANT_CONVERSION = YES;
				CLANG_WARN_DIRECT_OBJC_ISA_USAGE = YES_ERROR;
				CLANG_WARN_DOCUMENTATION_COMMENTS = YES;
				CLANG_WARN_EMPTY_BODY = YES;
				CLANG_WARN_ENUM_CONVERSION = YES;
				CLANG_WARN_INFINITE_RECURSION = YES;
				CLANG_WARN_INT_CONVERSION = YES;
				CLANG_WARN_OBJC_ROOT_CLASS = YES_ERROR;
				CLANG_WARN_SUSPICIOUS_MOVE = YES;
				CLANG_WARN_UNREACHABLE_CODE = YES;
				CLANG_WARN__DUPLICATE_METHOD_MATCH = YES;
				"CODE_SIGN_IDENTITY[sdk=iphoneos*]" = "iPhone Developer";
				COPY_PHASE_STRIP = NO;
				DEBUG_INFORMATION_FORMAT = "dwarf-with-dsym";
				ENABLE_NS_ASSERTIONS = NO;
				ENABLE_STRICT_OBJC_MSGSEND = YES;
				GCC_C_LANGUAGE_STANDARD = gnu99;
				GCC_NO_COMMON_BLOCKS = YES;
				GCC_WARN_64_TO_32_BIT_CONVERSION = YES;
				GCC_WARN_ABOUT_RETURN_TYPE = YES_ERROR;
				GCC_WARN_UNDECLARED_SELECTOR = YES;
				GCC_WARN_UNINITIALIZED_AUTOS = YES_AGGRESSIVE;
				GCC_WARN_UNUSED_FUNCTION = YES;
				GCC_WARN_UNUSED_VARIABLE = YES;
				IPHONEOS_DEPLOYMENT_TARGET = 10.2;
				MTL_ENABLE_DEBUG_INFO = NO;
				SDKROOT = iphoneos;
				SWIFT_OPTIMIZATION_LEVEL = "-Owholemodule";
				TARGETED_DEVICE_FAMILY = "1,2";
				VALIDATE_PRODUCT = YES;
			};
			name = Release;
		};
		A45F48A11E64BE6B007A2343 /* Debug */ = {
			isa = XCBuildConfiguration;
			buildSettings = {
				ASSETCATALOG_COMPILER_APPICON_NAME = AppIcon;
				DEVELOPMENT_TEAM = D4QXRCR7TH;
				INFOPLIST_FILE = RetroCalculator/Info.plist;
				LD_RUNPATH_SEARCH_PATHS = "$(inherited) @executable_path/Frameworks";
				PRODUCT_BUNDLE_IDENTIFIER = com.ernestogonzalez.RetroCalculator;
				PRODUCT_NAME = "$(TARGET_NAME)";
				SWIFT_VERSION = 3.0;
			};
			name = Debug;
		};
		A45F48A21E64BE6B007A2343 /* Release */ = {
			isa = XCBuildConfiguration;
			buildSettings = {
				ASSETCATALOG_COMPILER_APPICON_NAME = AppIcon;
				DEVELOPMENT_TEAM = D4QXRCR7TH;
				INFOPLIST_FILE = RetroCalculator/Info.plist;
				LD_RUNPATH_SEARCH_PATHS = "$(inherited) @executable_path/Frameworks";
				PRODUCT_BUNDLE_IDENTIFIER = com.ernestogonzalez.RetroCalculator;
				PRODUCT_NAME = "$(TARGET_NAME)";
				SWIFT_VERSION = 3.0;
			};
			name = Release;
		};
/* End XCBuildConfiguration section */

/* Begin XCConfigurationList section */
		A45F48891E64BE6B007A2343 /* Build configuration list for PBXProject "RetroCalculator" */ = {
			isa = XCConfigurationList;
			buildConfigurations = (
				A45F489E1E64BE6B007A2343 /* Debug */,
				A45F489F1E64BE6B007A2343 /* Release */,
			);
			defaultConfigurationIsVisible = 0;
			defaultConfigurationName = Release;
		};
		A45F48A01E64BE6B007A2343 /* Build configuration list for PBXNativeTarget "RetroCalculator" */ = {
			isa = XCConfigurationList;
			buildConfigurations = (
				A45F48A11E64BE6B007A2343 /* Debug */,
				A45F48A21E64BE6B007A2343 /* Release */,
			);
			defaultConfigurationIsVisible = 0;
			defaultConfigurationName = Release;
		};
/* End XCConfigurationList section */
	};
	rootObject = A45F48861E64BE6B007A2343 /* Project object */;
}
